<?xml version="1.0" encoding="utf-8"?>
<Project ToolsVersion="4.0" xmlns="http://schemas.microsoft.com/developer/msbuild/2003">
  <ItemGroup>
    <Filter Include="Source Files">
      <UniqueIdentifier>{a8575e2d-7f02-49ad-8ee3-536241915416}</UniqueIdentifier>
      <Extensions>cpp;c;cxx;rc;def;r;odl;idl;hpj;bat</Extensions>
    </Filter>
    <Filter Include="Header Files">
      <UniqueIdentifier>{e29283ed-6258-4cf2-ad6e-e93f06db4981}</UniqueIdentifier>
      <Extensions>h;hpp;hxx;hm;inl</Extensions>
    </Filter>
    <Filter Include="Resource Files">
      <UniqueIdentifier>{858e7b47-6c92-4e6e-a273-68822c57e2d7}</UniqueIdentifier>
      <Extensions>ico;cur;bmp;dlg;rc2;rct;bin;rgs;gif;jpg;jpeg;jpe</Extensions>
    </Filter>
  </ItemGroup>
  <ItemGroup>
    <ClCompile Include="DanYuan.cpp">
      <Filter>Source Files</Filter>
    </ClCompile>
    <ClCompile Include="element.cpp">
      <Filter>Source Files</Filter>
    </ClCompile>
    <ClCompile Include="excel.cpp">
      <Filter>Source Files</Filter>
    </ClCompile>
    <ClCompile Include="fline.cpp">
      <Filter>Source Files</Filter>
    </ClCompile>
    <ClCompile Include="msword.cpp">
      <Filter>Source Files</Filter>
    </ClCompile>
    <ClCompile Include="Node.cpp">
      <Filter>Source Files</Filter>
    </ClCompile>
    <ClCompile Include="PaiJu.cpp">
      <Filter>Source Files</Filter>
    </ClCompile>
    <ClCompile Include="Section.cpp">
      <Filter>Source Files</Filter>
    </ClCompile>
    <ClCompile Include="Set.cpp">
      <Filter>Source Files</Filter>
    </ClCompile>
    <ClCompile Include="StdAfx.cpp">
      <Filter>Source Files</Filter>
    </ClCompile>
    <ClCompile Include="UIThread.cpp">
      <Filter>Source Files</Filter>
    </ClCompile>
    <ClCompile Include="WordOffice.cpp">
      <Filter>Source Files</Filter>
    </ClCompile>
    <ClCompile Include="xSkinButton.cpp">
      <Filter>Source Files</Filter>
    </ClCompile>
    <ClCompile Include="碗扣式满堂支架建模助手.cpp">
      <Filter>Source Files</Filter>
    </ClCompile>
    <ClCompile Include="碗扣式满堂支架建模助手Dlg.cpp">
      <Filter>Source Files</Filter>
    </ClCompile>
  </ItemGroup>
  <ItemGroup>
    <ResourceCompile Include="碗扣式满堂支架建模助手.rc">
      <Filter>Source Files</Filter>
    </ResourceCompile>
  </ItemGroup>
  <ItemGroup>
    <ClInclude Include="DanYuan.h">
      <Filter>Header Files</Filter>
    </ClInclude>
    <ClInclude Include="element.h">
      <Filter>Header Files</Filter>
    </ClInclude>
    <ClInclude Include="excel.h">
      <Filter>Header Files</Filter>
    </ClInclude>
    <ClInclude Include="fline.h">
      <Filter>Header Files</Filter>
    </ClInclude>
    <ClInclude Include="msword.h">
      <Filter>Header Files</Filter>
    </ClInclude>
    <ClInclude Include="Node.h">
      <Filter>Header Files</Filter>
    </ClInclude>
    <ClInclude Include="PaiJu.h">
      <Filter>Header Files</Filter>
    </ClInclude>
    <ClInclude Include="Resource.h">
      <Filter>Header Files</Filter>
    </ClInclude>
    <ClInclude Include="Section.h">
      <Filter>Header Files</Filter>
    </ClInclude>
    <ClInclude Include="Set.h">
      <Filter>Header Files</Filter>
    </ClInclude>
    <ClInclude Include="StdAfx.h">
      <Filter>Header Files</Filter>
    </ClInclude>
    <ClInclude Include="UIThread.h">
      <Filter>Header Files</Filter>
    </ClInclude>
    <ClInclude Include="WordOffice.h">
      <Filter>Header Files</Filter>
    </ClInclude>
    <ClInclude Include="xSkinButton.h">
      <Filter>Header Files</Filter>
    </ClInclude>
    <ClInclude Include="Zero.hpp">
      <Filter>Header Files</Filter>
    </ClInclude>
    <ClInclude Include="碗扣式满堂支架建模助手.h">
      <Filter>Header Files</Filter>
    </ClInclude>
    <ClInclude Include="碗扣式满堂支架建模助手Dlg.h">
      <Filter>Header Files</Filter>
    </ClInclude>
  </ItemGroup>
  <ItemGroup>
    <CustomBuild Include="res\mask.bmp">
      <Filter>Resource Files</Filter>
    </CustomBuild>
    <CustomBuild Include="res\QQ图片20150423221056.bmp">
      <Filter>Resource Files</Filter>
    </CustomBuild>
    <CustomBuild Include="res\碗口是.bmp">
      <Filter>Resource Files</Filter>
    </CustomBuild>
    <CustomBuild Include="res\碗扣式满堂支架建模助手.ico">
      <Filter>Resource Files</Filter>
    </CustomBuild>
    <CustomBuild Include="res\碗扣式满堂支架建模助手.rc2">
      <Filter>Resource Files</Filter>
    </CustomBuild>
    <CustomBuild Include="ReadMe.txt" />
  </ItemGroup>
  <ItemGroup>
    <None Include="res\bk.bmp">
      <Filter>Resource Files</Filter>
    </None>
  </ItemGroup>
</Project>